
Microsoft Visual Studio Solution File, Format Version 12.00
# Visual Studio Version 16
VisualStudioVersion = 16.0.29025.244
MinimumVisualStudioVersion = 10.0.40219.1
Project("{FAE04EC0-301F-11D3-BF4B-00C04F79EFBC}") = "Naos.Database.Domain", "Naos.Database.Domain\Naos.Database.Domain.csproj", "{484A1706-0975-4905-AB9C-B0418B83BE7D}"
EndProject
Project("{2150E333-8FDC-42A3-9474-1A3956D46DE8}") = "Solution Items", "Solution Items", "{9D9B4D6B-4DA8-4559-9C17-23A5300991F5}"
	ProjectSection(SolutionItems) = preProject
		.gitignore = .gitignore
		LICENSE = LICENSE
		README.md = README.md
		RepoConfig.state = RepoConfig.state
	EndProjectSection
EndProject
Project("{FAE04EC0-301F-11D3-BF4B-00C04F79EFBC}") = "Naos.Database.Protocol.Memory", "Naos.Database.Protocol.Memory\Naos.Database.Protocol.Memory.csproj", "{66C9F503-C870-473A-ADCD-8849A7B29566}"
EndProject
Project("{FAE04EC0-301F-11D3-BF4B-00C04F79EFBC}") = "Naos.Database.Protocol.Memory.Test", "Naos.Database.Protocol.Memory.Test\Naos.Database.Protocol.Memory.Test.csproj", "{6167F92B-9112-4159-A4C9-0E54556B42BC}"
EndProject
Project("{FAE04EC0-301F-11D3-BF4B-00C04F79EFBC}") = "Naos.Database.Domain.Test", "Naos.Database.Domain.Test\Naos.Database.Domain.Test.csproj", "{CED5ED1F-21B8-439D-8C2A-9B225C179B5C}"
EndProject
Project("{FAE04EC0-301F-11D3-BF4B-00C04F79EFBC}") = "Naos.Database.Serialization.Json", "Naos.Database.Serialization.Json\Naos.Database.Serialization.Json.csproj", "{B3CE9E62-76AA-49F9-A3B5-29A537C43E77}"
EndProject
Project("{FAE04EC0-301F-11D3-BF4B-00C04F79EFBC}") = "Naos.Database.Serialization.Bson", "Naos.Database.Serialization.Bson\Naos.Database.Serialization.Bson.csproj", "{BF9AF199-DB55-46AC-B825-86628C51C0C0}"
EndProject
Project("{FAE04EC0-301F-11D3-BF4B-00C04F79EFBC}") = "Naos.Database.Protocol.FileSystem", "Naos.Database.Protocol.FileSystem\Naos.Database.Protocol.FileSystem.csproj", "{D622A156-14A4-4250-9375-B46C5B23D49F}"
EndProject
Project("{FAE04EC0-301F-11D3-BF4B-00C04F79EFBC}") = "Naos.Database.Protocol.FileSystem.Test", "Naos.Database.Protocol.FileSystem.Test\Naos.Database.Protocol.FileSystem.Test.csproj", "{549459D4-526F-4BA8-9B96-4E6979055AA9}"
EndProject
Global
	GlobalSection(SolutionConfigurationPlatforms) = preSolution
		Debug|Any CPU = Debug|Any CPU
		Release|Any CPU = Release|Any CPU
	EndGlobalSection
	GlobalSection(ProjectConfigurationPlatforms) = postSolution
		{484A1706-0975-4905-AB9C-B0418B83BE7D}.Debug|Any CPU.ActiveCfg = Debug|Any CPU
		{484A1706-0975-4905-AB9C-B0418B83BE7D}.Debug|Any CPU.Build.0 = Debug|Any CPU
		{484A1706-0975-4905-AB9C-B0418B83BE7D}.Release|Any CPU.ActiveCfg = Release|Any CPU
		{484A1706-0975-4905-AB9C-B0418B83BE7D}.Release|Any CPU.Build.0 = Release|Any CPU
		{66C9F503-C870-473A-ADCD-8849A7B29566}.Debug|Any CPU.ActiveCfg = Debug|Any CPU
		{66C9F503-C870-473A-ADCD-8849A7B29566}.Debug|Any CPU.Build.0 = Debug|Any CPU
		{66C9F503-C870-473A-ADCD-8849A7B29566}.Release|Any CPU.ActiveCfg = Release|Any CPU
		{66C9F503-C870-473A-ADCD-8849A7B29566}.Release|Any CPU.Build.0 = Release|Any CPU
		{6167F92B-9112-4159-A4C9-0E54556B42BC}.Debug|Any CPU.ActiveCfg = Debug|Any CPU
		{6167F92B-9112-4159-A4C9-0E54556B42BC}.Debug|Any CPU.Build.0 = Debug|Any CPU
		{6167F92B-9112-4159-A4C9-0E54556B42BC}.Release|Any CPU.ActiveCfg = Release|Any CPU
		{6167F92B-9112-4159-A4C9-0E54556B42BC}.Release|Any CPU.Build.0 = Release|Any CPU
		{CED5ED1F-21B8-439D-8C2A-9B225C179B5C}.Debug|Any CPU.ActiveCfg = Debug|Any CPU
		{CED5ED1F-21B8-439D-8C2A-9B225C179B5C}.Debug|Any CPU.Build.0 = Debug|Any CPU
		{CED5ED1F-21B8-439D-8C2A-9B225C179B5C}.Release|Any CPU.ActiveCfg = Release|Any CPU
		{CED5ED1F-21B8-439D-8C2A-9B225C179B5C}.Release|Any CPU.Build.0 = Release|Any CPU
		{B3CE9E62-76AA-49F9-A3B5-29A537C43E77}.Debug|Any CPU.ActiveCfg = Debug|Any CPU
		{B3CE9E62-76AA-49F9-A3B5-29A537C43E77}.Debug|Any CPU.Build.0 = Debug|Any CPU
		{B3CE9E62-76AA-49F9-A3B5-29A537C43E77}.Release|Any CPU.ActiveCfg = Release|Any CPU
		{B3CE9E62-76AA-49F9-A3B5-29A537C43E77}.Release|Any CPU.Build.0 = Release|Any CPU
		{BF9AF199-DB55-46AC-B825-86628C51C0C0}.Debug|Any CPU.ActiveCfg = Debug|Any CPU
		{BF9AF199-DB55-46AC-B825-86628C51C0C0}.Debug|Any CPU.Build.0 = Debug|Any CPU
		{BF9AF199-DB55-46AC-B825-86628C51C0C0}.Release|Any CPU.ActiveCfg = Release|Any CPU
		{BF9AF199-DB55-46AC-B825-86628C51C0C0}.Release|Any CPU.Build.0 = Release|Any CPU
		{D622A156-14A4-4250-9375-B46C5B23D49F}.Debug|Any CPU.ActiveCfg = Debug|Any CPU
		{D622A156-14A4-4250-9375-B46C5B23D49F}.Debug|Any CPU.Build.0 = Debug|Any CPU
		{D622A156-14A4-4250-9375-B46C5B23D49F}.Release|Any CPU.ActiveCfg = Release|Any CPU
		{D622A156-14A4-4250-9375-B46C5B23D49F}.Release|Any CPU.Build.0 = Release|Any CPU
		{549459D4-526F-4BA8-9B96-4E6979055AA9}.Debug|Any CPU.ActiveCfg = Debug|Any CPU
		{549459D4-526F-4BA8-9B96-4E6979055AA9}.Debug|Any CPU.Build.0 = Debug|Any CPU
		{549459D4-526F-4BA8-9B96-4E6979055AA9}.Release|Any CPU.ActiveCfg = Release|Any CPU
		{549459D4-526F-4BA8-9B96-4E6979055AA9}.Release|Any CPU.Build.0 = Release|Any CPU
	EndGlobalSection
	GlobalSection(SolutionProperties) = preSolution
		HideSolutionNode = FALSE
	EndGlobalSection
	GlobalSection(ExtensibilityGlobals) = postSolution
		SolutionGuid = {9AC77DB2-4493-4A0E-A1DB-C0B305BDF312}
	EndGlobalSection
EndGlobal
