
Microsoft Visual Studio Solution File, Format Version 12.00
# Visual Studio 2013
VisualStudioVersion = 12.0.31101.0
MinimumVisualStudioVersion = 10.0.40219.1
Project("{FAE04EC0-301F-11D3-BF4B-00C04F79EFBC}") = "Naos.Database.Tools", "Naos.Database.Tools\Naos.Database.Tools.csproj", "{CF5080FD-F812-4C3D-808A-86F16E598D68}"
EndProject
Project("{FAE04EC0-301F-11D3-BF4B-00C04F79EFBC}") = "Naos.Database.Migrator", "Naos.Database.Migrator\Naos.Database.Migrator.csproj", "{7FC1AA8E-A703-4E6E-AD4D-00FE0F1B910D}"
EndProject
Project("{FAE04EC0-301F-11D3-BF4B-00C04F79EFBC}") = "Naos.Database.Migrator.Console", "Naos.Database.Migrator.Console\Naos.Database.Migrator.Console.csproj", "{29DAC7A4-FC7C-473D-BCE8-BEEFC215B08E}"
EndProject
Project("{FAE04EC0-301F-11D3-BF4B-00C04F79EFBC}") = "Naos.Database.Tools.Test", "Naos.Database.Tools.Test\Naos.Database.Tools.Test.csproj", "{CB81E381-6276-48F2-91E0-819228FCCE34}"
EndProject
Global
	GlobalSection(SolutionConfigurationPlatforms) = preSolution
		Debug|Any CPU = Debug|Any CPU
		Release|Any CPU = Release|Any CPU
	EndGlobalSection
	GlobalSection(ProjectConfigurationPlatforms) = postSolution
		{CF5080FD-F812-4C3D-808A-86F16E598D68}.Debug|Any CPU.ActiveCfg = Debug|Any CPU
		{CF5080FD-F812-4C3D-808A-86F16E598D68}.Debug|Any CPU.Build.0 = Debug|Any CPU
		{CF5080FD-F812-4C3D-808A-86F16E598D68}.Release|Any CPU.ActiveCfg = Release|Any CPU
		{CF5080FD-F812-4C3D-808A-86F16E598D68}.Release|Any CPU.Build.0 = Release|Any CPU
		{7FC1AA8E-A703-4E6E-AD4D-00FE0F1B910D}.Debug|Any CPU.ActiveCfg = Debug|Any CPU
		{7FC1AA8E-A703-4E6E-AD4D-00FE0F1B910D}.Debug|Any CPU.Build.0 = Debug|Any CPU
		{7FC1AA8E-A703-4E6E-AD4D-00FE0F1B910D}.Release|Any CPU.ActiveCfg = Release|Any CPU
		{7FC1AA8E-A703-4E6E-AD4D-00FE0F1B910D}.Release|Any CPU.Build.0 = Release|Any CPU
		{29DAC7A4-FC7C-473D-BCE8-BEEFC215B08E}.Debug|Any CPU.ActiveCfg = Debug|Any CPU
		{29DAC7A4-FC7C-473D-BCE8-BEEFC215B08E}.Debug|Any CPU.Build.0 = Debug|Any CPU
		{29DAC7A4-FC7C-473D-BCE8-BEEFC215B08E}.Release|Any CPU.ActiveCfg = Release|Any CPU
		{29DAC7A4-FC7C-473D-BCE8-BEEFC215B08E}.Release|Any CPU.Build.0 = Release|Any CPU
		{CB81E381-6276-48F2-91E0-819228FCCE34}.Debug|Any CPU.ActiveCfg = Debug|Any CPU
		{CB81E381-6276-48F2-91E0-819228FCCE34}.Debug|Any CPU.Build.0 = Debug|Any CPU
		{CB81E381-6276-48F2-91E0-819228FCCE34}.Release|Any CPU.ActiveCfg = Release|Any CPU
		{CB81E381-6276-48F2-91E0-819228FCCE34}.Release|Any CPU.Build.0 = Release|Any CPU
	EndGlobalSection
	GlobalSection(SolutionProperties) = preSolution
		HideSolutionNode = FALSE
	EndGlobalSection
EndGlobal
